
Microsoft Visual Studio Solution File, Format Version 12.00
# Visual Studio Version 16
VisualStudioVersion = 16.0.30907.101
MinimumVisualStudioVersion = 10.0.40219.1
Project("{FAE04EC0-301F-11D3-BF4B-00C04F79EFBC}") = "Projector", "Projector\Projector.csproj", "{352714C2-6387-4AD2-B653-DFFCF6F0B187}"
EndProject
Global
	GlobalSection(SolutionConfigurationPlatforms) = preSolution
		Debug|Any CPU = Debug|Any CPU
		Release|Any CPU = Release|Any CPU
	EndGlobalSection
	GlobalSection(ProjectConfigurationPlatforms) = postSolution
		{352714C2-6387-4AD2-B653-DFFCF6F0B187}.Debug|Any CPU.ActiveCfg = Debug|Any CPU
		{352714C2-6387-4AD2-B653-DFFCF6F0B187}.Debug|Any CPU.Build.0 = Debug|Any CPU
		{352714C2-6387-4AD2-B653-DFFCF6F0B187}.Release|Any CPU.ActiveCfg = Release|Any CPU
		{352714C2-6387-4AD2-B653-DFFCF6F0B187}.Release|Any CPU.Build.0 = Release|Any CPU
	EndGlobalSection
	GlobalSection(SolutionProperties) = preSolution
		HideSolutionNode = FALSE
	EndGlobalSection
	GlobalSection(ExtensibilityGlobals) = postSolution
		SolutionGuid = {1424959F-AA16-414A-A143-88CF07E4B529}
	EndGlobalSection
EndGlobal
